
Microsoft Visual Studio Solution File, Format Version 12.00
# Visual Studio 15
VisualStudioVersion = 15.0.27130.2036
MinimumVisualStudioVersion = 10.0.40219.1
Project("{FAE04EC0-301F-11D3-BF4B-00C04F79EFBC}") = "PP0601B", "PP0601B\PP0601B.csproj", "{19329217-B50C-45EB-BE09-EFF24DD53E62}"
EndProject
Project("{FAE04EC0-301F-11D3-BF4B-00C04F79EFBC}") = "PP0602A", "PP0602A\PP0602A.csproj", "{893DF266-D3F6-42A0-B31A-C8C0674C7803}"
EndProject
Project("{FAE04EC0-301F-11D3-BF4B-00C04F79EFBC}") = "VSR", "VSR\VSR.csproj", "{B2BC4145-3F01-4FC5-90AC-C0FD43FA5147}"
EndProject
Project("{FAE04EC0-301F-11D3-BF4B-00C04F79EFBC}") = "MWPZ06X", "MWPZ06X\MWPZ06X.csproj", "{E7D51D7F-90BC-4880-939F-428F8C51B28C}"
EndProject
Project("{FAE04EC0-301F-11D3-BF4B-00C04F79EFBC}") = "JWSPLIN", "JWSPLIN\JWSPLIN.csproj", "{3429599C-A216-4091-AC85-23CD99118F0F}"
EndProject
Project("{FAE04EC0-301F-11D3-BF4B-00C04F79EFBC}") = "PP0501A", "PP0501A\PP0501A.csproj", "{5DA9F6D3-E033-4789-BD13-CC24F73B1325}"
EndProject
Project("{FAE04EC0-301F-11D3-BF4B-00C04F79EFBC}") = "PRIME_T", "PRIME_T\PRIME_T.csproj", "{4368085E-9ACF-4A2B-8632-58220C469F91}"
EndProject
Project("{FAE04EC0-301F-11D3-BF4B-00C04F79EFBC}") = "RNO_DOD", "RNO_DOD\RNO_DOD.csproj", "{0ED9455A-79EF-4ED4-8565-94BDB25EADE4}"
EndProject
Project("{FAE04EC0-301F-11D3-BF4B-00C04F79EFBC}") = "PP0502B", "PP0502B\PP0502B.csproj", "{F94B7EBF-0B73-481A-A5F9-68B4707D2FBB}"
EndProject
Project("{FAE04EC0-301F-11D3-BF4B-00C04F79EFBC}") = "PP0601A2", "PP0601A2\PP0601A2.csproj", "{55EC5827-2619-401E-8E46-61932428F783}"
EndProject
Global
	GlobalSection(SolutionConfigurationPlatforms) = preSolution
		Debug|Any CPU = Debug|Any CPU
		Release|Any CPU = Release|Any CPU
	EndGlobalSection
	GlobalSection(ProjectConfigurationPlatforms) = postSolution
		{19329217-B50C-45EB-BE09-EFF24DD53E62}.Debug|Any CPU.ActiveCfg = Debug|Any CPU
		{19329217-B50C-45EB-BE09-EFF24DD53E62}.Debug|Any CPU.Build.0 = Debug|Any CPU
		{19329217-B50C-45EB-BE09-EFF24DD53E62}.Release|Any CPU.ActiveCfg = Release|Any CPU
		{19329217-B50C-45EB-BE09-EFF24DD53E62}.Release|Any CPU.Build.0 = Release|Any CPU
		{893DF266-D3F6-42A0-B31A-C8C0674C7803}.Debug|Any CPU.ActiveCfg = Debug|Any CPU
		{893DF266-D3F6-42A0-B31A-C8C0674C7803}.Debug|Any CPU.Build.0 = Debug|Any CPU
		{893DF266-D3F6-42A0-B31A-C8C0674C7803}.Release|Any CPU.ActiveCfg = Release|Any CPU
		{893DF266-D3F6-42A0-B31A-C8C0674C7803}.Release|Any CPU.Build.0 = Release|Any CPU
		{B2BC4145-3F01-4FC5-90AC-C0FD43FA5147}.Debug|Any CPU.ActiveCfg = Debug|Any CPU
		{B2BC4145-3F01-4FC5-90AC-C0FD43FA5147}.Debug|Any CPU.Build.0 = Debug|Any CPU
		{B2BC4145-3F01-4FC5-90AC-C0FD43FA5147}.Release|Any CPU.ActiveCfg = Release|Any CPU
		{B2BC4145-3F01-4FC5-90AC-C0FD43FA5147}.Release|Any CPU.Build.0 = Release|Any CPU
		{E7D51D7F-90BC-4880-939F-428F8C51B28C}.Debug|Any CPU.ActiveCfg = Debug|Any CPU
		{E7D51D7F-90BC-4880-939F-428F8C51B28C}.Debug|Any CPU.Build.0 = Debug|Any CPU
		{E7D51D7F-90BC-4880-939F-428F8C51B28C}.Release|Any CPU.ActiveCfg = Release|Any CPU
		{E7D51D7F-90BC-4880-939F-428F8C51B28C}.Release|Any CPU.Build.0 = Release|Any CPU
		{3429599C-A216-4091-AC85-23CD99118F0F}.Debug|Any CPU.ActiveCfg = Debug|Any CPU
		{3429599C-A216-4091-AC85-23CD99118F0F}.Debug|Any CPU.Build.0 = Debug|Any CPU
		{3429599C-A216-4091-AC85-23CD99118F0F}.Release|Any CPU.ActiveCfg = Release|Any CPU
		{3429599C-A216-4091-AC85-23CD99118F0F}.Release|Any CPU.Build.0 = Release|Any CPU
		{5DA9F6D3-E033-4789-BD13-CC24F73B1325}.Debug|Any CPU.ActiveCfg = Debug|Any CPU
		{5DA9F6D3-E033-4789-BD13-CC24F73B1325}.Debug|Any CPU.Build.0 = Debug|Any CPU
		{5DA9F6D3-E033-4789-BD13-CC24F73B1325}.Release|Any CPU.ActiveCfg = Release|Any CPU
		{5DA9F6D3-E033-4789-BD13-CC24F73B1325}.Release|Any CPU.Build.0 = Release|Any CPU
		{4368085E-9ACF-4A2B-8632-58220C469F91}.Debug|Any CPU.ActiveCfg = Debug|Any CPU
		{4368085E-9ACF-4A2B-8632-58220C469F91}.Debug|Any CPU.Build.0 = Debug|Any CPU
		{4368085E-9ACF-4A2B-8632-58220C469F91}.Release|Any CPU.ActiveCfg = Release|Any CPU
		{4368085E-9ACF-4A2B-8632-58220C469F91}.Release|Any CPU.Build.0 = Release|Any CPU
		{0ED9455A-79EF-4ED4-8565-94BDB25EADE4}.Debug|Any CPU.ActiveCfg = Debug|Any CPU
		{0ED9455A-79EF-4ED4-8565-94BDB25EADE4}.Debug|Any CPU.Build.0 = Debug|Any CPU
		{0ED9455A-79EF-4ED4-8565-94BDB25EADE4}.Release|Any CPU.ActiveCfg = Release|Any CPU
		{0ED9455A-79EF-4ED4-8565-94BDB25EADE4}.Release|Any CPU.Build.0 = Release|Any CPU
		{F94B7EBF-0B73-481A-A5F9-68B4707D2FBB}.Debug|Any CPU.ActiveCfg = Debug|Any CPU
		{F94B7EBF-0B73-481A-A5F9-68B4707D2FBB}.Debug|Any CPU.Build.0 = Debug|Any CPU
		{F94B7EBF-0B73-481A-A5F9-68B4707D2FBB}.Release|Any CPU.ActiveCfg = Release|Any CPU
		{F94B7EBF-0B73-481A-A5F9-68B4707D2FBB}.Release|Any CPU.Build.0 = Release|Any CPU
		{55EC5827-2619-401E-8E46-61932428F783}.Debug|Any CPU.ActiveCfg = Debug|Any CPU
		{55EC5827-2619-401E-8E46-61932428F783}.Debug|Any CPU.Build.0 = Debug|Any CPU
		{55EC5827-2619-401E-8E46-61932428F783}.Release|Any CPU.ActiveCfg = Release|Any CPU
		{55EC5827-2619-401E-8E46-61932428F783}.Release|Any CPU.Build.0 = Release|Any CPU
	EndGlobalSection
	GlobalSection(SolutionProperties) = preSolution
		HideSolutionNode = FALSE
	EndGlobalSection
	GlobalSection(ExtensibilityGlobals) = postSolution
		SolutionGuid = {55982D84-7018-496E-9764-AAC1FA0D3747}
	EndGlobalSection
EndGlobal
