
Microsoft Visual Studio Solution File, Format Version 12.00
# Visual Studio 15
VisualStudioVersion = 15.0.27130.2036
MinimumVisualStudioVersion = 10.0.40219.1
Project("{FAE04EC0-301F-11D3-BF4B-00C04F79EFBC}") = "PP0601B", "PP0601B\PP0601B.csproj", "{19329217-B50C-45EB-BE09-EFF24DD53E62}"
EndProject
Project("{FAE04EC0-301F-11D3-BF4B-00C04F79EFBC}") = "PP0602A", "PP0602A\PP0602A.csproj", "{893DF266-D3F6-42A0-B31A-C8C0674C7803}"
EndProject
Project("{FAE04EC0-301F-11D3-BF4B-00C04F79EFBC}") = "VSR", "VSR\VSR.csproj", "{B2BC4145-3F01-4FC5-90AC-C0FD43FA5147}"
EndProject
Project("{FAE04EC0-301F-11D3-BF4B-00C04F79EFBC}") = "MWPZ06X", "MWPZ06X\MWPZ06X.csproj", "{E7D51D7F-90BC-4880-939F-428F8C51B28C}"
EndProject
Project("{FAE04EC0-301F-11D3-BF4B-00C04F79EFBC}") = "JWSPLIN", "JWSPLIN\JWSPLIN.csproj", "{3429599C-A216-4091-AC85-23CD99118F0F}"
EndProject
Project("{FAE04EC0-301F-11D3-BF4B-00C04F79EFBC}") = "PP0501A", "PP0501A\PP0501A.csproj", "{5DA9F6D3-E033-4789-BD13-CC24F73B1325}"
EndProject
Project("{FAE04EC0-301F-11D3-BF4B-00C04F79EFBC}") = "PRIME_T", "PRIME_T\PRIME_T.csproj", "{4368085E-9ACF-4A2B-8632-58220C469F91}"
EndProject
Project("{FAE04EC0-301F-11D3-BF4B-00C04F79EFBC}") = "RNO_DOD", "RNO_DOD\RNO_DOD.csproj", "{0ED9455A-79EF-4ED4-8565-94BDB25EADE4}"
EndProject
Project("{FAE04EC0-301F-11D3-BF4B-00C04F79EFBC}") = "PP0502B", "PP0502B\PP0502B.csproj", "{F94B7EBF-0B73-481A-A5F9-68B4707D2FBB}"
EndProject
Project("{FAE04EC0-301F-11D3-BF4B-00C04F79EFBC}") = "PP0601A2", "PP0601A2\PP0601A2.csproj", "{55EC5827-2619-401E-8E46-61932428F783}"
EndProject
Project("{FAE04EC0-301F-11D3-BF4B-00C04F79EFBC}") = "PRZEDSZK", "PRZEDSZK\PRZEDSZK.csproj", "{601E70C8-7EC5-4FEF-9474-FEABFBECC110}"
EndProject
Project("{FAE04EC0-301F-11D3-BF4B-00C04F79EFBC}") = "PA05_POT", "PA05_POT\PA05_POT.csproj", "{71C4DCF2-FE8F-4A2B-971B-E01F1A5B8B88}"
EndProject
Project("{FAE04EC0-301F-11D3-BF4B-00C04F79EFBC}") = "ROWNANIE", "ROWNANIE\ROWNANIE.csproj", "{8F24B538-41AD-4495-9D89-7B2EED612EA8}"
EndProject
Project("{FAE04EC0-301F-11D3-BF4B-00C04F79EFBC}") = "ETI06F1", "ETI06F1\ETI06F1.csproj", "{2554D216-680C-4A02-91C3-B1D030D1C6AE}"
EndProject
Project("{FAE04EC0-301F-11D3-BF4B-00C04F79EFBC}") = "POL", "POL\POL.csproj", "{CB772B6F-FBD2-4F89-96D5-8D721D0BF04D}"
EndProject
Project("{FAE04EC0-301F-11D3-BF4B-00C04F79EFBC}") = "GLUTTON", "GLUTTON\GLUTTON.csproj", "{CF4A0DB4-A935-41F0-AAD3-FA8847B5CD10}"
EndProject
Project("{FAE04EC0-301F-11D3-BF4B-00C04F79EFBC}") = "PTCLTZ", "PTCLTZ\PTCLTZ.csproj", "{19EEF3FA-AD6A-4EEE-85B2-BD6831A9E0F6}"
EndProject
Project("{FAE04EC0-301F-11D3-BF4B-00C04F79EFBC}") = "PTROL", "PTROL\PTROL.csproj", "{93759F40-07C9-4CF9-9A7E-CB1459D654C0}"
EndProject
Project("{FAE04EC0-301F-11D3-BF4B-00C04F79EFBC}") = "EUCGAME", "EUCGAME\EUCGAME.csproj", "{0F6571AE-5100-41A2-ACD4-CF507B30AF78}"
EndProject
Project("{FAE04EC0-301F-11D3-BF4B-00C04F79EFBC}") = "TRN", "TRN\TRN.csproj", "{D4AF5495-0B80-446F-84CB-213700A6B877}"
EndProject
Project("{FAE04EC0-301F-11D3-BF4B-00C04F79EFBC}") = "TABLICA", "TABLICA\TABLICA.csproj", "{05C5E371-E881-45B0-BD1C-18F3BB6E88BC}"
EndProject
Project("{FAE04EC0-301F-11D3-BF4B-00C04F79EFBC}") = "SUMA", "SUMA\SUMA.csproj", "{E4DF4A1E-5868-4B67-8C7C-3E8916B5FCA8}"
EndProject
Project("{FAE04EC0-301F-11D3-BF4B-00C04F79EFBC}") = "CALC", "CALC\CALC.csproj", "{4239A1B5-EDFA-48B4-8541-11021A86F534}"
EndProject
Project("{FAE04EC0-301F-11D3-BF4B-00C04F79EFBC}") = "CALC2", "CALC2\CALC2.csproj", "{D40E5F01-4732-4FEA-BD39-2443AFF9B683}"
EndProject
Project("{FAE04EC0-301F-11D3-BF4B-00C04F79EFBC}") = "SYS", "SYS\SYS.csproj", "{1D54549D-90DF-468F-B3F7-47F94A5434EF}"
EndProject
Project("{FAE04EC0-301F-11D3-BF4B-00C04F79EFBC}") = "MWPZ06A", "MWPZ06A\MWPZ06A.csproj", "{3EDD8D0E-A72A-4BE0-9F60-1967E986E8DA}"
EndProject
Project("{FAE04EC0-301F-11D3-BF4B-00C04F79EFBC}") = "JSZYCER", "JSZYCER\JSZYCER.csproj", "{BBC7D7F6-7B77-4F95-A5E2-24293F530FF2}"
EndProject
Project("{FAE04EC0-301F-11D3-BF4B-00C04F79EFBC}") = "MWPZ06D", "MWPZ06D\MWPZ06D.csproj", "{8CA8010C-C529-4D07-851D-59875EB529A2}"
EndProject
Project("{FAE04EC0-301F-11D3-BF4B-00C04F79EFBC}") = "MWPZ06H", "MWPZ06H\MWPZ06H.csproj", "{A3170BEF-86A5-43F5-8B7A-FD13EFE252CD}"
EndProject
Project("{FAE04EC0-301F-11D3-BF4B-00C04F79EFBC}") = "JROWLIN", "JROWLIN\JROWLIN.csproj", "{A7D33623-6B83-4355-9C7E-7A2DB470D60F}"
EndProject
Project("{FAE04EC0-301F-11D3-BF4B-00C04F79EFBC}") = "JPESEL", "JPESEL\JPESEL.csproj", "{D4EBA9CC-6D7F-4674-B665-BAC5F582FD8F}"
EndProject
Project("{FAE04EC0-301F-11D3-BF4B-00C04F79EFBC}") = "POTSAM", "POTSAM\POTSAM.csproj", "{628CCA00-B807-4B29-8CE2-73ED05ED5338}"
EndProject
Project("{FAE04EC0-301F-11D3-BF4B-00C04F79EFBC}") = "KC001", "KC001\KC001.csproj", "{EF712826-9004-40B0-81A4-B8935EFAFAC3}"
EndProject
Global
	GlobalSection(SolutionConfigurationPlatforms) = preSolution
		Debug|Any CPU = Debug|Any CPU
		Release|Any CPU = Release|Any CPU
	EndGlobalSection
	GlobalSection(ProjectConfigurationPlatforms) = postSolution
		{19329217-B50C-45EB-BE09-EFF24DD53E62}.Debug|Any CPU.ActiveCfg = Debug|Any CPU
		{19329217-B50C-45EB-BE09-EFF24DD53E62}.Debug|Any CPU.Build.0 = Debug|Any CPU
		{19329217-B50C-45EB-BE09-EFF24DD53E62}.Release|Any CPU.ActiveCfg = Release|Any CPU
		{19329217-B50C-45EB-BE09-EFF24DD53E62}.Release|Any CPU.Build.0 = Release|Any CPU
		{893DF266-D3F6-42A0-B31A-C8C0674C7803}.Debug|Any CPU.ActiveCfg = Debug|Any CPU
		{893DF266-D3F6-42A0-B31A-C8C0674C7803}.Debug|Any CPU.Build.0 = Debug|Any CPU
		{893DF266-D3F6-42A0-B31A-C8C0674C7803}.Release|Any CPU.ActiveCfg = Release|Any CPU
		{893DF266-D3F6-42A0-B31A-C8C0674C7803}.Release|Any CPU.Build.0 = Release|Any CPU
		{B2BC4145-3F01-4FC5-90AC-C0FD43FA5147}.Debug|Any CPU.ActiveCfg = Debug|Any CPU
		{B2BC4145-3F01-4FC5-90AC-C0FD43FA5147}.Debug|Any CPU.Build.0 = Debug|Any CPU
		{B2BC4145-3F01-4FC5-90AC-C0FD43FA5147}.Release|Any CPU.ActiveCfg = Release|Any CPU
		{B2BC4145-3F01-4FC5-90AC-C0FD43FA5147}.Release|Any CPU.Build.0 = Release|Any CPU
		{E7D51D7F-90BC-4880-939F-428F8C51B28C}.Debug|Any CPU.ActiveCfg = Debug|Any CPU
		{E7D51D7F-90BC-4880-939F-428F8C51B28C}.Debug|Any CPU.Build.0 = Debug|Any CPU
		{E7D51D7F-90BC-4880-939F-428F8C51B28C}.Release|Any CPU.ActiveCfg = Release|Any CPU
		{E7D51D7F-90BC-4880-939F-428F8C51B28C}.Release|Any CPU.Build.0 = Release|Any CPU
		{3429599C-A216-4091-AC85-23CD99118F0F}.Debug|Any CPU.ActiveCfg = Debug|Any CPU
		{3429599C-A216-4091-AC85-23CD99118F0F}.Debug|Any CPU.Build.0 = Debug|Any CPU
		{3429599C-A216-4091-AC85-23CD99118F0F}.Release|Any CPU.ActiveCfg = Release|Any CPU
		{3429599C-A216-4091-AC85-23CD99118F0F}.Release|Any CPU.Build.0 = Release|Any CPU
		{5DA9F6D3-E033-4789-BD13-CC24F73B1325}.Debug|Any CPU.ActiveCfg = Debug|Any CPU
		{5DA9F6D3-E033-4789-BD13-CC24F73B1325}.Debug|Any CPU.Build.0 = Debug|Any CPU
		{5DA9F6D3-E033-4789-BD13-CC24F73B1325}.Release|Any CPU.ActiveCfg = Release|Any CPU
		{5DA9F6D3-E033-4789-BD13-CC24F73B1325}.Release|Any CPU.Build.0 = Release|Any CPU
		{4368085E-9ACF-4A2B-8632-58220C469F91}.Debug|Any CPU.ActiveCfg = Debug|Any CPU
		{4368085E-9ACF-4A2B-8632-58220C469F91}.Debug|Any CPU.Build.0 = Debug|Any CPU
		{4368085E-9ACF-4A2B-8632-58220C469F91}.Release|Any CPU.ActiveCfg = Release|Any CPU
		{4368085E-9ACF-4A2B-8632-58220C469F91}.Release|Any CPU.Build.0 = Release|Any CPU
		{0ED9455A-79EF-4ED4-8565-94BDB25EADE4}.Debug|Any CPU.ActiveCfg = Debug|Any CPU
		{0ED9455A-79EF-4ED4-8565-94BDB25EADE4}.Debug|Any CPU.Build.0 = Debug|Any CPU
		{0ED9455A-79EF-4ED4-8565-94BDB25EADE4}.Release|Any CPU.ActiveCfg = Release|Any CPU
		{0ED9455A-79EF-4ED4-8565-94BDB25EADE4}.Release|Any CPU.Build.0 = Release|Any CPU
		{F94B7EBF-0B73-481A-A5F9-68B4707D2FBB}.Debug|Any CPU.ActiveCfg = Debug|Any CPU
		{F94B7EBF-0B73-481A-A5F9-68B4707D2FBB}.Debug|Any CPU.Build.0 = Debug|Any CPU
		{F94B7EBF-0B73-481A-A5F9-68B4707D2FBB}.Release|Any CPU.ActiveCfg = Release|Any CPU
		{F94B7EBF-0B73-481A-A5F9-68B4707D2FBB}.Release|Any CPU.Build.0 = Release|Any CPU
		{55EC5827-2619-401E-8E46-61932428F783}.Debug|Any CPU.ActiveCfg = Debug|Any CPU
		{55EC5827-2619-401E-8E46-61932428F783}.Debug|Any CPU.Build.0 = Debug|Any CPU
		{55EC5827-2619-401E-8E46-61932428F783}.Release|Any CPU.ActiveCfg = Release|Any CPU
		{55EC5827-2619-401E-8E46-61932428F783}.Release|Any CPU.Build.0 = Release|Any CPU
		{601E70C8-7EC5-4FEF-9474-FEABFBECC110}.Debug|Any CPU.ActiveCfg = Debug|Any CPU
		{601E70C8-7EC5-4FEF-9474-FEABFBECC110}.Debug|Any CPU.Build.0 = Debug|Any CPU
		{601E70C8-7EC5-4FEF-9474-FEABFBECC110}.Release|Any CPU.ActiveCfg = Release|Any CPU
		{601E70C8-7EC5-4FEF-9474-FEABFBECC110}.Release|Any CPU.Build.0 = Release|Any CPU
		{71C4DCF2-FE8F-4A2B-971B-E01F1A5B8B88}.Debug|Any CPU.ActiveCfg = Debug|Any CPU
		{71C4DCF2-FE8F-4A2B-971B-E01F1A5B8B88}.Debug|Any CPU.Build.0 = Debug|Any CPU
		{71C4DCF2-FE8F-4A2B-971B-E01F1A5B8B88}.Release|Any CPU.ActiveCfg = Release|Any CPU
		{71C4DCF2-FE8F-4A2B-971B-E01F1A5B8B88}.Release|Any CPU.Build.0 = Release|Any CPU
		{8F24B538-41AD-4495-9D89-7B2EED612EA8}.Debug|Any CPU.ActiveCfg = Debug|Any CPU
		{8F24B538-41AD-4495-9D89-7B2EED612EA8}.Debug|Any CPU.Build.0 = Debug|Any CPU
		{8F24B538-41AD-4495-9D89-7B2EED612EA8}.Release|Any CPU.ActiveCfg = Release|Any CPU
		{8F24B538-41AD-4495-9D89-7B2EED612EA8}.Release|Any CPU.Build.0 = Release|Any CPU
		{2554D216-680C-4A02-91C3-B1D030D1C6AE}.Debug|Any CPU.ActiveCfg = Debug|Any CPU
		{2554D216-680C-4A02-91C3-B1D030D1C6AE}.Debug|Any CPU.Build.0 = Debug|Any CPU
		{2554D216-680C-4A02-91C3-B1D030D1C6AE}.Release|Any CPU.ActiveCfg = Release|Any CPU
		{2554D216-680C-4A02-91C3-B1D030D1C6AE}.Release|Any CPU.Build.0 = Release|Any CPU
		{CB772B6F-FBD2-4F89-96D5-8D721D0BF04D}.Debug|Any CPU.ActiveCfg = Debug|Any CPU
		{CB772B6F-FBD2-4F89-96D5-8D721D0BF04D}.Debug|Any CPU.Build.0 = Debug|Any CPU
		{CB772B6F-FBD2-4F89-96D5-8D721D0BF04D}.Release|Any CPU.ActiveCfg = Release|Any CPU
		{CB772B6F-FBD2-4F89-96D5-8D721D0BF04D}.Release|Any CPU.Build.0 = Release|Any CPU
		{CF4A0DB4-A935-41F0-AAD3-FA8847B5CD10}.Debug|Any CPU.ActiveCfg = Debug|Any CPU
		{CF4A0DB4-A935-41F0-AAD3-FA8847B5CD10}.Debug|Any CPU.Build.0 = Debug|Any CPU
		{CF4A0DB4-A935-41F0-AAD3-FA8847B5CD10}.Release|Any CPU.ActiveCfg = Release|Any CPU
		{CF4A0DB4-A935-41F0-AAD3-FA8847B5CD10}.Release|Any CPU.Build.0 = Release|Any CPU
		{19EEF3FA-AD6A-4EEE-85B2-BD6831A9E0F6}.Debug|Any CPU.ActiveCfg = Debug|Any CPU
		{19EEF3FA-AD6A-4EEE-85B2-BD6831A9E0F6}.Debug|Any CPU.Build.0 = Debug|Any CPU
		{19EEF3FA-AD6A-4EEE-85B2-BD6831A9E0F6}.Release|Any CPU.ActiveCfg = Release|Any CPU
		{19EEF3FA-AD6A-4EEE-85B2-BD6831A9E0F6}.Release|Any CPU.Build.0 = Release|Any CPU
		{93759F40-07C9-4CF9-9A7E-CB1459D654C0}.Debug|Any CPU.ActiveCfg = Debug|Any CPU
		{93759F40-07C9-4CF9-9A7E-CB1459D654C0}.Debug|Any CPU.Build.0 = Debug|Any CPU
		{93759F40-07C9-4CF9-9A7E-CB1459D654C0}.Release|Any CPU.ActiveCfg = Release|Any CPU
		{93759F40-07C9-4CF9-9A7E-CB1459D654C0}.Release|Any CPU.Build.0 = Release|Any CPU
		{0F6571AE-5100-41A2-ACD4-CF507B30AF78}.Debug|Any CPU.ActiveCfg = Debug|Any CPU
		{0F6571AE-5100-41A2-ACD4-CF507B30AF78}.Debug|Any CPU.Build.0 = Debug|Any CPU
		{0F6571AE-5100-41A2-ACD4-CF507B30AF78}.Release|Any CPU.ActiveCfg = Release|Any CPU
		{0F6571AE-5100-41A2-ACD4-CF507B30AF78}.Release|Any CPU.Build.0 = Release|Any CPU
		{D4AF5495-0B80-446F-84CB-213700A6B877}.Debug|Any CPU.ActiveCfg = Debug|Any CPU
		{D4AF5495-0B80-446F-84CB-213700A6B877}.Debug|Any CPU.Build.0 = Debug|Any CPU
		{D4AF5495-0B80-446F-84CB-213700A6B877}.Release|Any CPU.ActiveCfg = Release|Any CPU
		{D4AF5495-0B80-446F-84CB-213700A6B877}.Release|Any CPU.Build.0 = Release|Any CPU
		{05C5E371-E881-45B0-BD1C-18F3BB6E88BC}.Debug|Any CPU.ActiveCfg = Debug|Any CPU
		{05C5E371-E881-45B0-BD1C-18F3BB6E88BC}.Debug|Any CPU.Build.0 = Debug|Any CPU
		{05C5E371-E881-45B0-BD1C-18F3BB6E88BC}.Release|Any CPU.ActiveCfg = Release|Any CPU
		{05C5E371-E881-45B0-BD1C-18F3BB6E88BC}.Release|Any CPU.Build.0 = Release|Any CPU
		{E4DF4A1E-5868-4B67-8C7C-3E8916B5FCA8}.Debug|Any CPU.ActiveCfg = Debug|Any CPU
		{E4DF4A1E-5868-4B67-8C7C-3E8916B5FCA8}.Debug|Any CPU.Build.0 = Debug|Any CPU
		{E4DF4A1E-5868-4B67-8C7C-3E8916B5FCA8}.Release|Any CPU.ActiveCfg = Release|Any CPU
		{E4DF4A1E-5868-4B67-8C7C-3E8916B5FCA8}.Release|Any CPU.Build.0 = Release|Any CPU
		{4239A1B5-EDFA-48B4-8541-11021A86F534}.Debug|Any CPU.ActiveCfg = Debug|Any CPU
		{4239A1B5-EDFA-48B4-8541-11021A86F534}.Debug|Any CPU.Build.0 = Debug|Any CPU
		{4239A1B5-EDFA-48B4-8541-11021A86F534}.Release|Any CPU.ActiveCfg = Release|Any CPU
		{4239A1B5-EDFA-48B4-8541-11021A86F534}.Release|Any CPU.Build.0 = Release|Any CPU
		{D40E5F01-4732-4FEA-BD39-2443AFF9B683}.Debug|Any CPU.ActiveCfg = Debug|Any CPU
		{D40E5F01-4732-4FEA-BD39-2443AFF9B683}.Debug|Any CPU.Build.0 = Debug|Any CPU
		{D40E5F01-4732-4FEA-BD39-2443AFF9B683}.Release|Any CPU.ActiveCfg = Release|Any CPU
		{D40E5F01-4732-4FEA-BD39-2443AFF9B683}.Release|Any CPU.Build.0 = Release|Any CPU
		{1D54549D-90DF-468F-B3F7-47F94A5434EF}.Debug|Any CPU.ActiveCfg = Debug|Any CPU
		{1D54549D-90DF-468F-B3F7-47F94A5434EF}.Debug|Any CPU.Build.0 = Debug|Any CPU
		{1D54549D-90DF-468F-B3F7-47F94A5434EF}.Release|Any CPU.ActiveCfg = Release|Any CPU
		{1D54549D-90DF-468F-B3F7-47F94A5434EF}.Release|Any CPU.Build.0 = Release|Any CPU
		{3EDD8D0E-A72A-4BE0-9F60-1967E986E8DA}.Debug|Any CPU.ActiveCfg = Debug|Any CPU
		{3EDD8D0E-A72A-4BE0-9F60-1967E986E8DA}.Debug|Any CPU.Build.0 = Debug|Any CPU
		{3EDD8D0E-A72A-4BE0-9F60-1967E986E8DA}.Release|Any CPU.ActiveCfg = Release|Any CPU
		{3EDD8D0E-A72A-4BE0-9F60-1967E986E8DA}.Release|Any CPU.Build.0 = Release|Any CPU
		{BBC7D7F6-7B77-4F95-A5E2-24293F530FF2}.Debug|Any CPU.ActiveCfg = Debug|Any CPU
		{BBC7D7F6-7B77-4F95-A5E2-24293F530FF2}.Debug|Any CPU.Build.0 = Debug|Any CPU
		{BBC7D7F6-7B77-4F95-A5E2-24293F530FF2}.Release|Any CPU.ActiveCfg = Release|Any CPU
		{BBC7D7F6-7B77-4F95-A5E2-24293F530FF2}.Release|Any CPU.Build.0 = Release|Any CPU
		{8CA8010C-C529-4D07-851D-59875EB529A2}.Debug|Any CPU.ActiveCfg = Debug|Any CPU
		{8CA8010C-C529-4D07-851D-59875EB529A2}.Debug|Any CPU.Build.0 = Debug|Any CPU
		{8CA8010C-C529-4D07-851D-59875EB529A2}.Release|Any CPU.ActiveCfg = Release|Any CPU
		{8CA8010C-C529-4D07-851D-59875EB529A2}.Release|Any CPU.Build.0 = Release|Any CPU
		{A3170BEF-86A5-43F5-8B7A-FD13EFE252CD}.Debug|Any CPU.ActiveCfg = Debug|Any CPU
		{A3170BEF-86A5-43F5-8B7A-FD13EFE252CD}.Debug|Any CPU.Build.0 = Debug|Any CPU
		{A3170BEF-86A5-43F5-8B7A-FD13EFE252CD}.Release|Any CPU.ActiveCfg = Release|Any CPU
		{A3170BEF-86A5-43F5-8B7A-FD13EFE252CD}.Release|Any CPU.Build.0 = Release|Any CPU
		{A7D33623-6B83-4355-9C7E-7A2DB470D60F}.Debug|Any CPU.ActiveCfg = Debug|Any CPU
		{A7D33623-6B83-4355-9C7E-7A2DB470D60F}.Debug|Any CPU.Build.0 = Debug|Any CPU
		{A7D33623-6B83-4355-9C7E-7A2DB470D60F}.Release|Any CPU.ActiveCfg = Release|Any CPU
		{A7D33623-6B83-4355-9C7E-7A2DB470D60F}.Release|Any CPU.Build.0 = Release|Any CPU
		{D4EBA9CC-6D7F-4674-B665-BAC5F582FD8F}.Debug|Any CPU.ActiveCfg = Debug|Any CPU
		{D4EBA9CC-6D7F-4674-B665-BAC5F582FD8F}.Debug|Any CPU.Build.0 = Debug|Any CPU
		{D4EBA9CC-6D7F-4674-B665-BAC5F582FD8F}.Release|Any CPU.ActiveCfg = Release|Any CPU
		{D4EBA9CC-6D7F-4674-B665-BAC5F582FD8F}.Release|Any CPU.Build.0 = Release|Any CPU
		{628CCA00-B807-4B29-8CE2-73ED05ED5338}.Debug|Any CPU.ActiveCfg = Debug|Any CPU
		{628CCA00-B807-4B29-8CE2-73ED05ED5338}.Debug|Any CPU.Build.0 = Debug|Any CPU
		{628CCA00-B807-4B29-8CE2-73ED05ED5338}.Release|Any CPU.ActiveCfg = Release|Any CPU
		{628CCA00-B807-4B29-8CE2-73ED05ED5338}.Release|Any CPU.Build.0 = Release|Any CPU
		{EF712826-9004-40B0-81A4-B8935EFAFAC3}.Debug|Any CPU.ActiveCfg = Debug|Any CPU
		{EF712826-9004-40B0-81A4-B8935EFAFAC3}.Debug|Any CPU.Build.0 = Debug|Any CPU
		{EF712826-9004-40B0-81A4-B8935EFAFAC3}.Release|Any CPU.ActiveCfg = Release|Any CPU
		{EF712826-9004-40B0-81A4-B8935EFAFAC3}.Release|Any CPU.Build.0 = Release|Any CPU
	EndGlobalSection
	GlobalSection(SolutionProperties) = preSolution
		HideSolutionNode = FALSE
	EndGlobalSection
	GlobalSection(ExtensibilityGlobals) = postSolution
		SolutionGuid = {55982D84-7018-496E-9764-AAC1FA0D3747}
	EndGlobalSection
EndGlobal
